// !$*UTF8*$!
{
	archiveVersion = 1;
	classes = {
	};
	objectVersion = 46;
	objects = {

/* Begin PBXBuildFile section */
		041A0D061D54430600035194 /* UIImageView+SFSDWebImage.m in Sources */ = {isa = PBXBuildFile; fileRef = 041A0D051D54430600035194 /* UIImageView+SFSDWebImage.m */; };
		041EF5211D5349D80021C1B6 /* main.m in Sources */ = {isa = PBXBuildFile; fileRef = 041EF5201D5349D80021C1B6 /* main.m */; };
		041EF5241D5349D90021C1B6 /* AppDelegate.m in Sources */ = {isa = PBXBuildFile; fileRef = 041EF5231D5349D90021C1B6 /* AppDelegate.m */; };
		041EF5271D5349D90021C1B6 /* ViewController.m in Sources */ = {isa = PBXBuildFile; fileRef = 041EF5261D5349D90021C1B6 /* ViewController.m */; };
		041EF52A1D5349D90021C1B6 /* Main.storyboard in Resources */ = {isa = PBXBuildFile; fileRef = 041EF5281D5349D90021C1B6 /* Main.storyboard */; };
		041EF52D1D5349D90021C1B6 /* SFSDWebImage.xcdatamodeld in Sources */ = {isa = PBXBuildFile; fileRef = 041EF52B1D5349D90021C1B6 /* SFSDWebImage.xcdatamodeld */; };
		041EF52F1D5349D90021C1B6 /* Assets.xcassets in Resources */ = {isa = PBXBuildFile; fileRef = 041EF52E1D5349D90021C1B6 /* Assets.xcassets */; };
		041EF5321D5349D90021C1B6 /* LaunchScreen.storyboard in Resources */ = {isa = PBXBuildFile; fileRef = 041EF5301D5349D90021C1B6 /* LaunchScreen.storyboard */; };
		9AD289C7E46F01F7CB0B2AE4 /* libPods-SFSDWebImage.a in Frameworks */ = {isa = PBXBuildFile; fileRef = 5490A7A9BFC2CBB9B1D1A47D /* libPods-SFSDWebImage.a */; };
/* End PBXBuildFile section */

/* Begin PBXFileReference section */
		041A0D041D54430600035194 /* UIImageView+SFSDWebImage.h */ = {isa = PBXFileReference; fileEncoding = 4; lastKnownFileType = sourcecode.c.h; path = "UIImageView+SFSDWebImage.h"; sourceTree = "<group>"; };
		041A0D051D54430600035194 /* UIImageView+SFSDWebImage.m */ = {isa = PBXFileReference; fileEncoding = 4; lastKnownFileType = sourcecode.c.objc; path = "UIImageView+SFSDWebImage.m"; sourceTree = "<group>"; };
		041EF51C1D5349D80021C1B6 /* SFSDWebImage.app */ = {isa = PBXFileReference; explicitFileType = wrapper.application; includeInIndex = 0; path = SFSDWebImage.app; sourceTree = BUILT_PRODUCTS_DIR; };
		041EF5201D5349D80021C1B6 /* main.m */ = {isa = PBXFileReference; lastKnownFileType = sourcecode.c.objc; path = main.m; sourceTree = "<group>"; };
		041EF5221D5349D80021C1B6 /* AppDelegate.h */ = {isa = PBXFileReference; lastKnownFileType = sourcecode.c.h; path = AppDelegate.h; sourceTree = "<group>"; };
		041EF5231D5349D90021C1B6 /* AppDelegate.m */ = {isa = PBXFileReference; lastKnownFileType = sourcecode.c.objc; path = AppDelegate.m; sourceTree = "<group>"; };
		041EF5251D5349D90021C1B6 /* ViewController.h */ = {isa = PBXFileReference; lastKnownFileType = sourcecode.c.h; path = ViewController.h; sourceTree = "<group>"; };
		041EF5261D5349D90021C1B6 /* ViewController.m */ = {isa = PBXFileReference; lastKnownFileType = sourcecode.c.objc; path = ViewController.m; sourceTree = "<group>"; };
		041EF5291D5349D90021C1B6 /* Base */ = {isa = PBXFileReference; lastKnownFileType = file.storyboard; name = Base; path = Base.lproj/Main.storyboard; sourceTree = "<group>"; };
		041EF52C1D5349D90021C1B6 /* SFSDWebImage.xcdatamodel */ = {isa = PBXFileReference; lastKnownFileType = wrapper.xcdatamodel; path = SFSDWebImage.xcdatamodel; sourceTree = "<group>"; };
		041EF52E1D5349D90021C1B6 /* Assets.xcassets */ = {isa = PBXFileReference; lastKnownFileType = folder.assetcatalog; path = Assets.xcassets; sourceTree = "<group>"; };
		041EF5311D5349D90021C1B6 /* Base */ = {isa = PBXFileReference; lastKnownFileType = file.storyboard; name = Base; path = Base.lproj/LaunchScreen.storyboard; sourceTree = "<group>"; };
		041EF5331D5349D90021C1B6 /* Info.plist */ = {isa = PBXFileReference; lastKnownFileType = text.plist.xml; path = Info.plist; sourceTree = "<group>"; };
		38A826BD4FD0A59761BA7198 /* Pods-SFSDWebImage.debug.xcconfig */ = {isa = PBXFileReference; includeInIndex = 1; lastKnownFileType = text.xcconfig; name = "Pods-SFSDWebImage.debug.xcconfig"; path = "Pods/Target Support Files/Pods-SFSDWebImage/Pods-SFSDWebImage.debug.xcconfig"; sourceTree = "<group>"; };
		5490A7A9BFC2CBB9B1D1A47D /* libPods-SFSDWebImage.a */ = {isa = PBXFileReference; explicitFileType = archive.ar; includeInIndex = 0; path = "libPods-SFSDWebImage.a"; sourceTree = BUILT_PRODUCTS_DIR; };
		F04B6CC7879038705132E54C /* Pods-SFSDWebImage.release.xcconfig */ = {isa = PBXFileReference; includeInIndex = 1; lastKnownFileType = text.xcconfig; name = "Pods-SFSDWebImage.release.xcconfig"; path = "Pods/Target Support Files/Pods-SFSDWebImage/Pods-SFSDWebImage.release.xcconfig"; sourceTree = "<group>"; };
/* End PBXFileReference section */

/* Begin PBXFrameworksBuildPhase section */
		041EF5191D5349D80021C1B6 /* Frameworks */ = {
			isa = PBXFrameworksBuildPhase;
			buildActionMask = 2147483647;
			files = (
				9AD289C7E46F01F7CB0B2AE4 /* libPods-SFSDWebImage.a in Frameworks */,
			);
			runOnlyForDeploymentPostprocessing = 0;
		};
/* End PBXFrameworksBuildPhase section */

/* Begin PBXGroup section */
		041A0D031D54430600035194 /* SFSDWebImage */ = {
			isa = PBXGroup;
			children = (
				041A0D041D54430600035194 /* UIImageView+SFSDWebImage.h */,
				041A0D051D54430600035194 /* UIImageView+SFSDWebImage.m */,
			);
			path = SFSDWebImage;
			sourceTree = "<group>";
		};
		041EF5131D5349D80021C1B6 = {
			isa = PBXGroup;
			children = (
				041EF51E1D5349D80021C1B6 /* SFSDWebImage */,
				041EF51D1D5349D80021C1B6 /* Products */,
				928078504BF7E9BD574EDAAD /* Pods */,
				4E42DC1931F7A8A702966D02 /* Frameworks */,
			);
			sourceTree = "<group>";
		};
		041EF51D1D5349D80021C1B6 /* Products */ = {
			isa = PBXGroup;
			children = (
				041EF51C1D5349D80021C1B6 /* SFSDWebImage.app */,
			);
			name = Products;
			sourceTree = "<group>";
		};
		041EF51E1D5349D80021C1B6 /* SFSDWebImage */ = {
			isa = PBXGroup;
			children = (
				041A0D031D54430600035194 /* SFSDWebImage */,
				041EF5221D5349D80021C1B6 /* AppDelegate.h */,
				041EF5231D5349D90021C1B6 /* AppDelegate.m */,
				041EF5251D5349D90021C1B6 /* ViewController.h */,
				041EF5261D5349D90021C1B6 /* ViewController.m */,
				041EF5281D5349D90021C1B6 /* Main.storyboard */,
				041EF52E1D5349D90021C1B6 /* Assets.xcassets */,
				041EF5301D5349D90021C1B6 /* LaunchScreen.storyboard */,
				041EF5331D5349D90021C1B6 /* Info.plist */,
				041EF52B1D5349D90021C1B6 /* SFSDWebImage.xcdatamodeld */,
				041EF51F1D5349D80021C1B6 /* Supporting Files */,
			);
			path = SFSDWebImage;
			sourceTree = "<group>";
		};
		041EF51F1D5349D80021C1B6 /* Supporting Files */ = {
			isa = PBXGroup;
			children = (
				041EF5201D5349D80021C1B6 /* main.m */,
			);
			name = "Supporting Files";
			sourceTree = "<group>";
		};
		4E42DC1931F7A8A702966D02 /* Frameworks */ = {
			isa = PBXGroup;
			children = (
				5490A7A9BFC2CBB9B1D1A47D /* libPods-SFSDWebImage.a */,
			);
			name = Frameworks;
			sourceTree = "<group>";
		};
		928078504BF7E9BD574EDAAD /* Pods */ = {
			isa = PBXGroup;
			children = (
				38A826BD4FD0A59761BA7198 /* Pods-SFSDWebImage.debug.xcconfig */,
				F04B6CC7879038705132E54C /* Pods-SFSDWebImage.release.xcconfig */,
			);
			name = Pods;
			sourceTree = "<group>";
		};
/* End PBXGroup section */

/* Begin PBXNativeTarget section */
		041EF51B1D5349D80021C1B6 /* SFSDWebImage */ = {
			isa = PBXNativeTarget;
			buildConfigurationList = 041EF5361D5349D90021C1B6 /* Build configuration list for PBXNativeTarget "SFSDWebImage" */;
			buildPhases = (
				EBE3C811221CF405380E36A9 /* [CP] Check Pods Manifest.lock */,
				041EF5181D5349D80021C1B6 /* Sources */,
				041EF5191D5349D80021C1B6 /* Frameworks */,
				041EF51A1D5349D80021C1B6 /* Resources */,
				B770FBEE44A13A141310C996 /* [CP] Embed Pods Frameworks */,
				6CD360F12D77915F5B35533F /* [CP] Copy Pods Resources */,
			);
			buildRules = (
			);
			dependencies = (
			);
			name = SFSDWebImage;
			productName = SFSDWebImage;
			productReference = 041EF51C1D5349D80021C1B6 /* SFSDWebImage.app */;
			productType = "com.apple.product-type.application";
		};
/* End PBXNativeTarget section */

/* Begin PBXProject section */
		041EF5141D5349D80021C1B6 /* Project object */ = {
			isa = PBXProject;
			attributes = {
				LastUpgradeCheck = 0730;
				ORGANIZATIONNAME = shifei;
				TargetAttributes = {
					041EF51B1D5349D80021C1B6 = {
						CreatedOnToolsVersion = 7.3.1;
					};
				};
			};
			buildConfigurationList = 041EF5171D5349D80021C1B6 /* Build configuration list for PBXProject "SFSDWebImage" */;
			compatibilityVersion = "Xcode 3.2";
			developmentRegion = English;
			hasScannedForEncodings = 0;
			knownRegions = (
				en,
				Base,
			);
			mainGroup = 041EF5131D5349D80021C1B6;
			productRefGroup = 041EF51D1D5349D80021C1B6 /* Products */;
			projectDirPath = "";
			projectRoot = "";
			targets = (
				041EF51B1D5349D80021C1B6 /* SFSDWebImage */,
			);
		};
/* End PBXProject section */

/* Begin PBXResourcesBuildPhase section */
		041EF51A1D5349D80021C1B6 /* Resources */ = {
			isa = PBXResourcesBuildPhase;
			buildActionMask = 2147483647;
			files = (
				041EF5321D5349D90021C1B6 /* LaunchScreen.storyboard in Resources */,
				041EF52F1D5349D90021C1B6 /* Assets.xcassets in Resources */,
				041EF52A1D5349D90021C1B6 /* Main.storyboard in Resources */,
			);
			runOnlyForDeploymentPostprocessing = 0;
		};
/* End PBXResourcesBuildPhase section */

/* Begin PBXShellScriptBuildPhase section */
		6CD360F12D77915F5B35533F /* [CP] Copy Pods Resources */ = {
			isa = PBXShellScriptBuildPhase;
			buildActionMask = 2147483647;
			files = (
			);
			inputPaths = (
			);
			name = "[CP] Copy Pods Resources";
			outputPaths = (
			);
			runOnlyForDeploymentPostprocessing = 0;
			shellPath = /bin/sh;
			shellScript = "\"${SRCROOT}/Pods/Target Support Files/Pods-SFSDWebImage/Pods-SFSDWebImage-resources.sh\"\n";
			showEnvVarsInLog = 0;
		};
		B770FBEE44A13A141310C996 /* [CP] Embed Pods Frameworks */ = {
			isa = PBXShellScriptBuildPhase;
			buildActionMask = 2147483647;
			files = (
			);
			inputPaths = (
			);
			name = "[CP] Embed Pods Frameworks";
			outputPaths = (
			);
			runOnlyForDeploymentPostprocessing = 0;
			shellPath = /bin/sh;
			shellScript = "\"${SRCROOT}/Pods/Target Support Files/Pods-SFSDWebImage/Pods-SFSDWebImage-frameworks.sh\"\n";
			showEnvVarsInLog = 0;
		};
		EBE3C811221CF405380E36A9 /* [CP] Check Pods Manifest.lock */ = {
			isa = PBXShellScriptBuildPhase;
			buildActionMask = 2147483647;
			files = (
			);
			inputPaths = (
			);
			name = "[CP] Check Pods Manifest.lock";
			outputPaths = (
			);
			runOnlyForDeploymentPostprocessing = 0;
			shellPath = /bin/sh;
			shellScript = "diff \"${PODS_ROOT}/../Podfile.lock\" \"${PODS_ROOT}/Manifest.lock\" > /dev/null\nif [[ $? != 0 ]] ; then\n    cat << EOM\nerror: The sandbox is not in sync with the Podfile.lock. Run 'pod install' or update your CocoaPods installation.\nEOM\n    exit 1\nfi\n";
			showEnvVarsInLog = 0;
		};
/* End PBXShellScriptBuildPhase section */

/* Begin PBXSourcesBuildPhase section */
		041EF5181D5349D80021C1B6 /* Sources */ = {
			isa = PBXSourcesBuildPhase;
			buildActionMask = 2147483647;
			files = (
				041A0D061D54430600035194 /* UIImageView+SFSDWebImage.m in Sources */,
				041EF5271D5349D90021C1B6 /* ViewController.m in Sources */,
				041EF5241D5349D90021C1B6 /* AppDelegate.m in Sources */,
				041EF52D1D5349D90021C1B6 /* SFSDWebImage.xcdatamodeld in Sources */,
				041EF5211D5349D80021C1B6 /* main.m in Sources */,
			);
			runOnlyForDeploymentPostprocessing = 0;
		};
/* End PBXSourcesBuildPhase section */

/* Begin PBXVariantGroup section */
		041EF5281D5349D90021C1B6 /* Main.storyboard */ = {
			isa = PBXVariantGroup;
			children = (
				041EF5291D5349D90021C1B6 /* Base */,
			);
			name = Main.storyboard;
			sourceTree = "<group>";
		};
		041EF5301D5349D90021C1B6 /* LaunchScreen.storyboard */ = {
			isa = PBXVariantGroup;
			children = (
				041EF5311D5349D90021C1B6 /* Base */,
			);
			name = LaunchScreen.storyboard;
			sourceTree = "<group>";
		};
/* End PBXVariantGroup section */

/* Begin XCBuildConfiguration section */
		041EF5341D5349D90021C1B6 /* Debug */ = {
			isa = XCBuildConfiguration;
			buildSettings = {
				ALWAYS_SEARCH_USER_PATHS = NO;
				CLANG_ANALYZER_NONNULL = YES;
				CLANG_CXX_LANGUAGE_STANDARD = "gnu++0x";
				CLANG_CXX_LIBRARY = "libc++";
				CLANG_ENABLE_MODULES = YES;
				CLANG_ENABLE_OBJC_ARC = YES;
				CLANG_WARN_BOOL_CONVERSION = YES;
				CLANG_WARN_CONSTANT_CONVERSION = YES;
				CLANG_WARN_DIRECT_OBJC_ISA_USAGE = YES_ERROR;
				CLANG_WARN_EMPTY_BODY = YES;
				CLANG_WARN_ENUM_CONVERSION = YES;
				CLANG_WARN_INT_CONVERSION = YES;
				CLANG_WARN_OBJC_ROOT_CLASS = YES_ERROR;
				CLANG_WARN_UNREACHABLE_CODE = YES;
				CLANG_WARN__DUPLICATE_METHOD_MATCH = YES;
				"CODE_SIGN_IDENTITY[sdk=iphoneos*]" = "iPhone Developer";
				COPY_PHASE_STRIP = NO;
				DEBUG_INFORMATION_FORMAT = dwarf;
				ENABLE_STRICT_OBJC_MSGSEND = YES;
				ENABLE_TESTABILITY = YES;
				GCC_C_LANGUAGE_STANDARD = gnu99;
				GCC_DYNAMIC_NO_PIC = NO;
				GCC_NO_COMMON_BLOCKS = YES;
				GCC_OPTIMIZATION_LEVEL = 0;
				GCC_PREPROCESSOR_DEFINITIONS = (
					"DEBUG=1",
					"$(inherited)",
				);
				GCC_WARN_64_TO_32_BIT_CONVERSION = YES;
				GCC_WARN_ABOUT_RETURN_TYPE = YES_ERROR;
				GCC_WARN_UNDECLARED_SELECTOR = YES;
				GCC_WARN_UNINITIALIZED_AUTOS = YES_AGGRESSIVE;
				GCC_WARN_UNUSED_FUNCTION = YES;
				GCC_WARN_UNUSED_VARIABLE = YES;
				IPHONEOS_DEPLOYMENT_TARGET = 9.3;
				MTL_ENABLE_DEBUG_INFO = YES;
				ONLY_ACTIVE_ARCH = YES;
				SDKROOT = iphoneos;
			};
			name = Debug;
		};
		041EF5351D5349D90021C1B6 /* Release */ = {
			isa = XCBuildConfiguration;
			buildSettings = {
				ALWAYS_SEARCH_USER_PATHS = NO;
				CLANG_ANALYZER_NONNULL = YES;
				CLANG_CXX_LANGUAGE_STANDARD = "gnu++0x";
				CLANG_CXX_LIBRARY = "libc++";
				CLANG_ENABLE_MODULES = YES;
				CLANG_ENABLE_OBJC_ARC = YES;
				CLANG_WARN_BOOL_CONVERSION = YES;
				CLANG_WARN_CONSTANT_CONVERSION = YES;
				CLANG_WARN_DIRECT_OBJC_ISA_USAGE = YES_ERROR;
				CLANG_WARN_EMPTY_BODY = YES;
				CLANG_WARN_ENUM_CONVERSION = YES;
				CLANG_WARN_INT_CONVERSION = YES;
				CLANG_WARN_OBJC_ROOT_CLASS = YES_ERROR;
				CLANG_WARN_UNREACHABLE_CODE = YES;
				CLANG_WARN__DUPLICATE_METHOD_MATCH = YES;
				"CODE_SIGN_IDENTITY[sdk=iphoneos*]" = "iPhone Developer";
				COPY_PHASE_STRIP = NO;
				DEBUG_INFORMATION_FORMAT = "dwarf-with-dsym";
				ENABLE_NS_ASSERTIONS = NO;
				ENABLE_STRICT_OBJC_MSGSEND = YES;
				GCC_C_LANGUAGE_STANDARD = gnu99;
				GCC_NO_COMMON_BLOCKS = YES;
				GCC_WARN_64_TO_32_BIT_CONVERSION = YES;
				GCC_WARN_ABOUT_RETURN_TYPE = YES_ERROR;
				GCC_WARN_UNDECLARED_SELECTOR = YES;
				GCC_WARN_UNINITIALIZED_AUTOS = YES_AGGRESSIVE;
				GCC_WARN_UNUSED_FUNCTION = YES;
				GCC_WARN_UNUSED_VARIABLE = YES;
				IPHONEOS_DEPLOYMENT_TARGET = 9.3;
				MTL_ENABLE_DEBUG_INFO = NO;
				SDKROOT = iphoneos;
				VALIDATE_PRODUCT = YES;
			};
			name = Release;
		};
		041EF5371D5349D90021C1B6 /* Debug */ = {
			isa = XCBuildConfiguration;
			baseConfigurationReference = 38A826BD4FD0A59761BA7198 /* Pods-SFSDWebImage.debug.xcconfig */;
			buildSettings = {
				ASSETCATALOG_COMPILER_APPICON_NAME = AppIcon;
				INFOPLIST_FILE = SFSDWebImage/Info.plist;
				LD_RUNPATH_SEARCH_PATHS = "$(inherited) @executable_path/Frameworks";
				PRODUCT_BUNDLE_IDENTIFIER = com.bjsxt.SFSDWebImage;
				PRODUCT_NAME = "$(TARGET_NAME)";
			};
			name = Debug;
		};
		041EF5381D5349D90021C1B6 /* Release */ = {
			isa = XCBuildConfiguration;
			baseConfigurationReference = F04B6CC7879038705132E54C /* Pods-SFSDWebImage.release.xcconfig */;
			buildSettings = {
				ASSETCATALOG_COMPILER_APPICON_NAME = AppIcon;
				INFOPLIST_FILE = SFSDWebImage/Info.plist;
				LD_RUNPATH_SEARCH_PATHS = "$(inherited) @executable_path/Frameworks";
				PRODUCT_BUNDLE_IDENTIFIER = com.bjsxt.SFSDWebImage;
				PRODUCT_NAME = "$(TARGET_NAME)";
			};
			name = Release;
		};
/* End XCBuildConfiguration section */

/* Begin XCConfigurationList section */
		041EF5171D5349D80021C1B6 /* Build configuration list for PBXProject "SFSDWebImage" */ = {
			isa = XCConfigurationList;
			buildConfigurations = (
				041EF5341D5349D90021C1B6 /* Debug */,
				041EF5351D5349D90021C1B6 /* Release */,
			);
			defaultConfigurationIsVisible = 0;
			defaultConfigurationName = Release;
		};
		041EF5361D5349D90021C1B6 /* Build configuration list for PBXNativeTarget "SFSDWebImage" */ = {
			isa = XCConfigurationList;
			buildConfigurations = (
				041EF5371D5349D90021C1B6 /* Debug */,
				041EF5381D5349D90021C1B6 /* Release */,
			);
			defaultConfigurationIsVisible = 0;
			defaultConfigurationName = Release;
		};
/* End XCConfigurationList section */

/* Begin XCVersionGroup section */
		041EF52B1D5349D90021C1B6 /* SFSDWebImage.xcdatamodeld */ = {
			isa = XCVersionGroup;
			children = (
				041EF52C1D5349D90021C1B6 /* SFSDWebImage.xcdatamodel */,
			);
			currentVersion = 041EF52C1D5349D90021C1B6 /* SFSDWebImage.xcdatamodel */;
			path = SFSDWebImage.xcdatamodeld;
			sourceTree = "<group>";
			versionGroupType = wrapper.xcdatamodel;
		};
/* End XCVersionGroup section */
	};
	rootObject = 041EF5141D5349D80021C1B6 /* Project object */;
}
